
Microsoft Visual Studio Solution File, Format Version 12.00
# Visual Studio Version 16
VisualStudioVersion = 16.0.31313.79
MinimumVisualStudioVersion = 10.0.40219.1
Project("{FAE04EC0-301F-11D3-BF4B-00C04F79EFBC}") = "ExceptionLesson", "ExceptionLesson\ExceptionLesson.csproj", "{DB9331DA-C6B6-4CB3-A06B-B8CCD5B808FB}"
EndProject
Global
	GlobalSection(SolutionConfigurationPlatforms) = preSolution
		Debug|Any CPU = Debug|Any CPU
		Release|Any CPU = Release|Any CPU
	EndGlobalSection
	GlobalSection(ProjectConfigurationPlatforms) = postSolution
		{DB9331DA-C6B6-4CB3-A06B-B8CCD5B808FB}.Debug|Any CPU.ActiveCfg = Debug|Any CPU
		{DB9331DA-C6B6-4CB3-A06B-B8CCD5B808FB}.Debug|Any CPU.Build.0 = Debug|Any CPU
		{DB9331DA-C6B6-4CB3-A06B-B8CCD5B808FB}.Release|Any CPU.ActiveCfg = Release|Any CPU
		{DB9331DA-C6B6-4CB3-A06B-B8CCD5B808FB}.Release|Any CPU.Build.0 = Release|Any CPU
	EndGlobalSection
	GlobalSection(SolutionProperties) = preSolution
		HideSolutionNode = FALSE
	EndGlobalSection
	GlobalSection(ExtensibilityGlobals) = postSolution
		SolutionGuid = {8B1B98E0-7023-425A-BBE9-A74B26BBAEDE}
	EndGlobalSection
EndGlobal
